
Microsoft Visual Studio Solution File, Format Version 12.00
# Visual Studio Version 16
Project("{2150E333-8FDC-42A3-9474-1A3956D46DE8}") = "src", "src", "{062A8727-1ADD-4D7E-9CC3-0E5ECE8144D9}"
EndProject
Project("{2150E333-8FDC-42A3-9474-1A3956D46DE8}") = "tests", "tests", "{E0CFF0DE-6F8B-4985-B9DE-9539BAD3D7E6}"
EndProject
Project("{FAE04EC0-301F-11D3-BF4B-00C04F79EFBC}") = "Domain", "Domain\Domain.csproj", "{C9719DC8-8411-4438-947F-DDAEA5CDA631}"
EndProject
Project("{FAE04EC0-301F-11D3-BF4B-00C04F79EFBC}") = "Infrusutructure", "Infrusutructure\Infrusutructure.csproj", "{5C8960F8-9949-4C52-A340-CF26ACCE9E59}"
EndProject
Project("{FAE04EC0-301F-11D3-BF4B-00C04F79EFBC}") = "Db", "Db\Db.csproj", "{6BD8809D-23B0-4D97-B22B-C24C0477C9A3}"
EndProject
Project("{FAE04EC0-301F-11D3-BF4B-00C04F79EFBC}") = "Application", "Application\Application.csproj", "{09F43324-5BE5-4D16-B568-502C2F0F5662}"
EndProject
Project("{FAE04EC0-301F-11D3-BF4B-00C04F79EFBC}") = "Web", "Web\Web.csproj", "{F9188CCF-1B25-4178-BCD7-A64DA910AEC6}"
EndProject
Project("{E53339B2-1760-4266-BCC7-CA923CBCF16C}") = "docker-compose", "docker-compose.dcproj", "{FF8655C5-8640-4F95-A346-2EEEE8BD6A2D}"
EndProject
Project("{FAE04EC0-301F-11D3-BF4B-00C04F79EFBC}") = "Migrator", "Migrator\Migrator.csproj", "{106B7B7B-AD20-43CD-85F0-5CD23166802A}"
EndProject
Global
	GlobalSection(SolutionConfigurationPlatforms) = preSolution
		Debug|Any CPU = Debug|Any CPU
		Release|Any CPU = Release|Any CPU
	EndGlobalSection
	GlobalSection(NestedProjects) = preSolution
		{C9719DC8-8411-4438-947F-DDAEA5CDA631} = {062A8727-1ADD-4D7E-9CC3-0E5ECE8144D9}
		{5C8960F8-9949-4C52-A340-CF26ACCE9E59} = {062A8727-1ADD-4D7E-9CC3-0E5ECE8144D9}
		{6BD8809D-23B0-4D97-B22B-C24C0477C9A3} = {062A8727-1ADD-4D7E-9CC3-0E5ECE8144D9}
		{09F43324-5BE5-4D16-B568-502C2F0F5662} = {062A8727-1ADD-4D7E-9CC3-0E5ECE8144D9}
		{F9188CCF-1B25-4178-BCD7-A64DA910AEC6} = {062A8727-1ADD-4D7E-9CC3-0E5ECE8144D9}
		{106B7B7B-AD20-43CD-85F0-5CD23166802A} = {062A8727-1ADD-4D7E-9CC3-0E5ECE8144D9}
	EndGlobalSection
	GlobalSection(ProjectConfigurationPlatforms) = postSolution
		{C9719DC8-8411-4438-947F-DDAEA5CDA631}.Debug|Any CPU.ActiveCfg = Debug|Any CPU
		{C9719DC8-8411-4438-947F-DDAEA5CDA631}.Debug|Any CPU.Build.0 = Debug|Any CPU
		{C9719DC8-8411-4438-947F-DDAEA5CDA631}.Release|Any CPU.ActiveCfg = Release|Any CPU
		{C9719DC8-8411-4438-947F-DDAEA5CDA631}.Release|Any CPU.Build.0 = Release|Any CPU
		{5C8960F8-9949-4C52-A340-CF26ACCE9E59}.Debug|Any CPU.ActiveCfg = Debug|Any CPU
		{5C8960F8-9949-4C52-A340-CF26ACCE9E59}.Debug|Any CPU.Build.0 = Debug|Any CPU
		{5C8960F8-9949-4C52-A340-CF26ACCE9E59}.Release|Any CPU.ActiveCfg = Release|Any CPU
		{5C8960F8-9949-4C52-A340-CF26ACCE9E59}.Release|Any CPU.Build.0 = Release|Any CPU
		{6BD8809D-23B0-4D97-B22B-C24C0477C9A3}.Debug|Any CPU.ActiveCfg = Debug|Any CPU
		{6BD8809D-23B0-4D97-B22B-C24C0477C9A3}.Debug|Any CPU.Build.0 = Debug|Any CPU
		{6BD8809D-23B0-4D97-B22B-C24C0477C9A3}.Release|Any CPU.ActiveCfg = Release|Any CPU
		{6BD8809D-23B0-4D97-B22B-C24C0477C9A3}.Release|Any CPU.Build.0 = Release|Any CPU
		{09F43324-5BE5-4D16-B568-502C2F0F5662}.Debug|Any CPU.ActiveCfg = Debug|Any CPU
		{09F43324-5BE5-4D16-B568-502C2F0F5662}.Debug|Any CPU.Build.0 = Debug|Any CPU
		{09F43324-5BE5-4D16-B568-502C2F0F5662}.Release|Any CPU.ActiveCfg = Release|Any CPU
		{09F43324-5BE5-4D16-B568-502C2F0F5662}.Release|Any CPU.Build.0 = Release|Any CPU
		{F9188CCF-1B25-4178-BCD7-A64DA910AEC6}.Debug|Any CPU.ActiveCfg = Debug|Any CPU
		{F9188CCF-1B25-4178-BCD7-A64DA910AEC6}.Debug|Any CPU.Build.0 = Debug|Any CPU
		{F9188CCF-1B25-4178-BCD7-A64DA910AEC6}.Release|Any CPU.ActiveCfg = Release|Any CPU
		{F9188CCF-1B25-4178-BCD7-A64DA910AEC6}.Release|Any CPU.Build.0 = Release|Any CPU
		{FF8655C5-8640-4F95-A346-2EEEE8BD6A2D}.Debug|Any CPU.ActiveCfg = Debug|Any CPU
		{FF8655C5-8640-4F95-A346-2EEEE8BD6A2D}.Debug|Any CPU.Build.0 = Debug|Any CPU
		{FF8655C5-8640-4F95-A346-2EEEE8BD6A2D}.Release|Any CPU.ActiveCfg = Release|Any CPU
		{FF8655C5-8640-4F95-A346-2EEEE8BD6A2D}.Release|Any CPU.Build.0 = Release|Any CPU
		{106B7B7B-AD20-43CD-85F0-5CD23166802A}.Debug|Any CPU.ActiveCfg = Debug|Any CPU
		{106B7B7B-AD20-43CD-85F0-5CD23166802A}.Debug|Any CPU.Build.0 = Debug|Any CPU
		{106B7B7B-AD20-43CD-85F0-5CD23166802A}.Release|Any CPU.ActiveCfg = Release|Any CPU
		{106B7B7B-AD20-43CD-85F0-5CD23166802A}.Release|Any CPU.Build.0 = Release|Any CPU
	EndGlobalSection
EndGlobal
